// !$*UTF8*$!
{
	archiveVersion = 1;
	classes = {
	};
	objectVersion = 50;
	objects = {

/* Begin PBXBuildFile section */
		1932BCA4260A0C000075FA55 /* AppDelegate.swift in Sources */ = {isa = PBXBuildFile; fileRef = 1932BCA3260A0C000075FA55 /* AppDelegate.swift */; };
		1932BCA6260A0C000075FA55 /* SceneDelegate.swift in Sources */ = {isa = PBXBuildFile; fileRef = 1932BCA5260A0C000075FA55 /* SceneDelegate.swift */; };
		1932BCA8260A0C000075FA55 /* ViewController.swift in Sources */ = {isa = PBXBuildFile; fileRef = 1932BCA7260A0C000075FA55 /* ViewController.swift */; };
		1932BCAB260A0C000075FA55 /* Main.storyboard in Resources */ = {isa = PBXBuildFile; fileRef = 1932BCA9260A0C000075FA55 /* Main.storyboard */; };
		1932BCAD260A0C010075FA55 /* Assets.xcassets in Resources */ = {isa = PBXBuildFile; fileRef = 1932BCAC260A0C010075FA55 /* Assets.xcassets */; };
		1932BCB0260A0C010075FA55 /* LaunchScreen.storyboard in Resources */ = {isa = PBXBuildFile; fileRef = 1932BCAE260A0C010075FA55 /* LaunchScreen.storyboard */; };
		1932BCBB260A0C010075FA55 /* Demo_ApTests.swift in Sources */ = {isa = PBXBuildFile; fileRef = 1932BCBA260A0C010075FA55 /* Demo_ApTests.swift */; };
		1932BCC6260A0C010075FA55 /* Demo_ApUITests.swift in Sources */ = {isa = PBXBuildFile; fileRef = 1932BCC5260A0C010075FA55 /* Demo_ApUITests.swift */; };
/* End PBXBuildFile section */

/* Begin PBXContainerItemProxy section */
		1932BCB7260A0C010075FA55 /* PBXContainerItemProxy */ = {
			isa = PBXContainerItemProxy;
			containerPortal = 1932BC98260A0C000075FA55 /* Project object */;
			proxyType = 1;
			remoteGlobalIDString = 1932BC9F260A0C000075FA55;
			remoteInfo = "Demo-Ap";
		};
		1932BCC2260A0C010075FA55 /* PBXContainerItemProxy */ = {
			isa = PBXContainerItemProxy;
			containerPortal = 1932BC98260A0C000075FA55 /* Project object */;
			proxyType = 1;
			remoteGlobalIDString = 1932BC9F260A0C000075FA55;
			remoteInfo = "Demo-Ap";
		};
/* End PBXContainerItemProxy section */

/* Begin PBXFileReference section */
		1932BCA0260A0C000075FA55 /* Demo-Ap.app */ = {isa = PBXFileReference; explicitFileType = wrapper.application; includeInIndex = 0; path = "Demo-Ap.app"; sourceTree = BUILT_PRODUCTS_DIR; };
		1932BCA3260A0C000075FA55 /* AppDelegate.swift */ = {isa = PBXFileReference; lastKnownFileType = sourcecode.swift; path = AppDelegate.swift; sourceTree = "<group>"; };
		1932BCA5260A0C000075FA55 /* SceneDelegate.swift */ = {isa = PBXFileReference; lastKnownFileType = sourcecode.swift; path = SceneDelegate.swift; sourceTree = "<group>"; };
		1932BCA7260A0C000075FA55 /* ViewController.swift */ = {isa = PBXFileReference; lastKnownFileType = sourcecode.swift; path = ViewController.swift; sourceTree = "<group>"; };
		1932BCAA260A0C000075FA55 /* Base */ = {isa = PBXFileReference; lastKnownFileType = file.storyboard; name = Base; path = Base.lproj/Main.storyboard; sourceTree = "<group>"; };
		1932BCAC260A0C010075FA55 /* Assets.xcassets */ = {isa = PBXFileReference; lastKnownFileType = folder.assetcatalog; path = Assets.xcassets; sourceTree = "<group>"; };
		1932BCAF260A0C010075FA55 /* Base */ = {isa = PBXFileReference; lastKnownFileType = file.storyboard; name = Base; path = Base.lproj/LaunchScreen.storyboard; sourceTree = "<group>"; };
		1932BCB1260A0C010075FA55 /* Info.plist */ = {isa = PBXFileReference; lastKnownFileType = text.plist.xml; path = Info.plist; sourceTree = "<group>"; };
		1932BCB6260A0C010075FA55 /* Demo-ApTests.xctest */ = {isa = PBXFileReference; explicitFileType = wrapper.cfbundle; includeInIndex = 0; path = "Demo-ApTests.xctest"; sourceTree = BUILT_PRODUCTS_DIR; };
		1932BCBA260A0C010075FA55 /* Demo_ApTests.swift */ = {isa = PBXFileReference; lastKnownFileType = sourcecode.swift; path = Demo_ApTests.swift; sourceTree = "<group>"; };
		1932BCBC260A0C010075FA55 /* Info.plist */ = {isa = PBXFileReference; lastKnownFileType = text.plist.xml; path = Info.plist; sourceTree = "<group>"; };
		1932BCC1260A0C010075FA55 /* Demo-ApUITests.xctest */ = {isa = PBXFileReference; explicitFileType = wrapper.cfbundle; includeInIndex = 0; path = "Demo-ApUITests.xctest"; sourceTree = BUILT_PRODUCTS_DIR; };
		1932BCC5260A0C010075FA55 /* Demo_ApUITests.swift */ = {isa = PBXFileReference; lastKnownFileType = sourcecode.swift; path = Demo_ApUITests.swift; sourceTree = "<group>"; };
		1932BCC7260A0C010075FA55 /* Info.plist */ = {isa = PBXFileReference; lastKnownFileType = text.plist.xml; path = Info.plist; sourceTree = "<group>"; };
/* End PBXFileReference section */

/* Begin PBXFrameworksBuildPhase section */
		1932BC9D260A0C000075FA55 /* Frameworks */ = {
			isa = PBXFrameworksBuildPhase;
			buildActionMask = 2147483647;
			files = (
			);
			runOnlyForDeploymentPostprocessing = 0;
		};
		1932BCB3260A0C010075FA55 /* Frameworks */ = {
			isa = PBXFrameworksBuildPhase;
			buildActionMask = 2147483647;
			files = (
			);
			runOnlyForDeploymentPostprocessing = 0;
		};
		1932BCBE260A0C010075FA55 /* Frameworks */ = {
			isa = PBXFrameworksBuildPhase;
			buildActionMask = 2147483647;
			files = (
			);
			runOnlyForDeploymentPostprocessing = 0;
		};
/* End PBXFrameworksBuildPhase section */

/* Begin PBXGroup section */
		1932BC97260A0C000075FA55 = {
			isa = PBXGroup;
			children = (
				1932BCA2260A0C000075FA55 /* Demo-Ap */,
				1932BCB9260A0C010075FA55 /* Demo-ApTests */,
				1932BCC4260A0C010075FA55 /* Demo-ApUITests */,
				1932BCA1260A0C000075FA55 /* Products */,
			);
			sourceTree = "<group>";
		};
		1932BCA1260A0C000075FA55 /* Products */ = {
			isa = PBXGroup;
			children = (
				1932BCA0260A0C000075FA55 /* Demo-Ap.app */,
				1932BCB6260A0C010075FA55 /* Demo-ApTests.xctest */,
				1932BCC1260A0C010075FA55 /* Demo-ApUITests.xctest */,
			);
			name = Products;
			sourceTree = "<group>";
		};
		1932BCA2260A0C000075FA55 /* Demo-Ap */ = {
			isa = PBXGroup;
			children = (
				1932BCA3260A0C000075FA55 /* AppDelegate.swift */,
				1932BCA5260A0C000075FA55 /* SceneDelegate.swift */,
				1932BCA7260A0C000075FA55 /* ViewController.swift */,
				1932BCA9260A0C000075FA55 /* Main.storyboard */,
				1932BCAC260A0C010075FA55 /* Assets.xcassets */,
				1932BCAE260A0C010075FA55 /* LaunchScreen.storyboard */,
				1932BCB1260A0C010075FA55 /* Info.plist */,
			);
			path = "Demo-Ap";
			sourceTree = "<group>";
		};
		1932BCB9260A0C010075FA55 /* Demo-ApTests */ = {
			isa = PBXGroup;
			children = (
				1932BCBA260A0C010075FA55 /* Demo_ApTests.swift */,
				1932BCBC260A0C010075FA55 /* Info.plist */,
			);
			path = "Demo-ApTests";
			sourceTree = "<group>";
		};
		1932BCC4260A0C010075FA55 /* Demo-ApUITests */ = {
			isa = PBXGroup;
			children = (
				1932BCC5260A0C010075FA55 /* Demo_ApUITests.swift */,
				1932BCC7260A0C010075FA55 /* Info.plist */,
			);
			path = "Demo-ApUITests";
			sourceTree = "<group>";
		};
/* End PBXGroup section */

/* Begin PBXNativeTarget section */
		1932BC9F260A0C000075FA55 /* Demo-Ap */ = {
			isa = PBXNativeTarget;
			buildConfigurationList = 1932BCCA260A0C010075FA55 /* Build configuration list for PBXNativeTarget "Demo-Ap" */;
			buildPhases = (
				1932BC9C260A0C000075FA55 /* Sources */,
				1932BC9D260A0C000075FA55 /* Frameworks */,
				1932BC9E260A0C000075FA55 /* Resources */,
			);
			buildRules = (
			);
			dependencies = (
			);
			name = "Demo-Ap";
			productName = "Demo-Ap";
			productReference = 1932BCA0260A0C000075FA55 /* Demo-Ap.app */;
			productType = "com.apple.product-type.application";
		};
		1932BCB5260A0C010075FA55 /* Demo-ApTests */ = {
			isa = PBXNativeTarget;
			buildConfigurationList = 1932BCCD260A0C010075FA55 /* Build configuration list for PBXNativeTarget "Demo-ApTests" */;
			buildPhases = (
				1932BCB2260A0C010075FA55 /* Sources */,
				1932BCB3260A0C010075FA55 /* Frameworks */,
				1932BCB4260A0C010075FA55 /* Resources */,
			);
			buildRules = (
			);
			dependencies = (
				1932BCB8260A0C010075FA55 /* PBXTargetDependency */,
			);
			name = "Demo-ApTests";
			productName = "Demo-ApTests";
			productReference = 1932BCB6260A0C010075FA55 /* Demo-ApTests.xctest */;
			productType = "com.apple.product-type.bundle.unit-test";
		};
		1932BCC0260A0C010075FA55 /* Demo-ApUITests */ = {
			isa = PBXNativeTarget;
			buildConfigurationList = 1932BCD0260A0C010075FA55 /* Build configuration list for PBXNativeTarget "Demo-ApUITests" */;
			buildPhases = (
				1932BCBD260A0C010075FA55 /* Sources */,
				1932BCBE260A0C010075FA55 /* Frameworks */,
				1932BCBF260A0C010075FA55 /* Resources */,
			);
			buildRules = (
			);
			dependencies = (
				1932BCC3260A0C010075FA55 /* PBXTargetDependency */,
			);
			name = "Demo-ApUITests";
			productName = "Demo-ApUITests";
			productReference = 1932BCC1260A0C010075FA55 /* Demo-ApUITests.xctest */;
			productType = "com.apple.product-type.bundle.ui-testing";
		};
/* End PBXNativeTarget section */

/* Begin PBXProject section */
		1932BC98260A0C000075FA55 /* Project object */ = {
			isa = PBXProject;
			attributes = {
				LastSwiftUpdateCheck = 1230;
				LastUpgradeCheck = 1230;
				TargetAttributes = {
					1932BC9F260A0C000075FA55 = {
						CreatedOnToolsVersion = 12.3;
					};
					1932BCB5260A0C010075FA55 = {
						CreatedOnToolsVersion = 12.3;
						TestTargetID = 1932BC9F260A0C000075FA55;
					};
					1932BCC0260A0C010075FA55 = {
						CreatedOnToolsVersion = 12.3;
						TestTargetID = 1932BC9F260A0C000075FA55;
					};
				};
			};
			buildConfigurationList = 1932BC9B260A0C000075FA55 /* Build configuration list for PBXProject "Demo-Ap" */;
			compatibilityVersion = "Xcode 9.3";
			developmentRegion = en;
			hasScannedForEncodings = 0;
			knownRegions = (
				en,
				Base,
			);
			mainGroup = 1932BC97260A0C000075FA55;
			productRefGroup = 1932BCA1260A0C000075FA55 /* Products */;
			projectDirPath = "";
			projectRoot = "";
			targets = (
				1932BC9F260A0C000075FA55 /* Demo-Ap */,
				1932BCB5260A0C010075FA55 /* Demo-ApTests */,
				1932BCC0260A0C010075FA55 /* Demo-ApUITests */,
			);
		};
/* End PBXProject section */

/* Begin PBXResourcesBuildPhase section */
		1932BC9E260A0C000075FA55 /* Resources */ = {
			isa = PBXResourcesBuildPhase;
			buildActionMask = 2147483647;
			files = (
				1932BCB0260A0C010075FA55 /* LaunchScreen.storyboard in Resources */,
				1932BCAD260A0C010075FA55 /* Assets.xcassets in Resources */,
				1932BCAB260A0C000075FA55 /* Main.storyboard in Resources */,
			);
			runOnlyForDeploymentPostprocessing = 0;
		};
		1932BCB4260A0C010075FA55 /* Resources */ = {
			isa = PBXResourcesBuildPhase;
			buildActionMask = 2147483647;
			files = (
			);
			runOnlyForDeploymentPostprocessing = 0;
		};
		1932BCBF260A0C010075FA55 /* Resources */ = {
			isa = PBXResourcesBuildPhase;
			buildActionMask = 2147483647;
			files = (
			);
			runOnlyForDeploymentPostprocessing = 0;
		};
/* End PBXResourcesBuildPhase section */

/* Begin PBXSourcesBuildPhase section */
		1932BC9C260A0C000075FA55 /* Sources */ = {
			isa = PBXSourcesBuildPhase;
			buildActionMask = 2147483647;
			files = (
				1932BCA8260A0C000075FA55 /* ViewController.swift in Sources */,
				1932BCA4260A0C000075FA55 /* AppDelegate.swift in Sources */,
				1932BCA6260A0C000075FA55 /* SceneDelegate.swift in Sources */,
			);
			runOnlyForDeploymentPostprocessing = 0;
		};
		1932BCB2260A0C010075FA55 /* Sources */ = {
			isa = PBXSourcesBuildPhase;
			buildActionMask = 2147483647;
			files = (
				1932BCBB260A0C010075FA55 /* Demo_ApTests.swift in Sources */,
			);
			runOnlyForDeploymentPostprocessing = 0;
		};
		1932BCBD260A0C010075FA55 /* Sources */ = {
			isa = PBXSourcesBuildPhase;
			buildActionMask = 2147483647;
			files = (
				1932BCC6260A0C010075FA55 /* Demo_ApUITests.swift in Sources */,
			);
			runOnlyForDeploymentPostprocessing = 0;
		};
/* End PBXSourcesBuildPhase section */

/* Begin PBXTargetDependency section */
		1932BCB8260A0C010075FA55 /* PBXTargetDependency */ = {
			isa = PBXTargetDependency;
			target = 1932BC9F260A0C000075FA55 /* Demo-Ap */;
			targetProxy = 1932BCB7260A0C010075FA55 /* PBXContainerItemProxy */;
		};
		1932BCC3260A0C010075FA55 /* PBXTargetDependency */ = {
			isa = PBXTargetDependency;
			target = 1932BC9F260A0C000075FA55 /* Demo-Ap */;
			targetProxy = 1932BCC2260A0C010075FA55 /* PBXContainerItemProxy */;
		};
/* End PBXTargetDependency section */

/* Begin PBXVariantGroup section */
		1932BCA9260A0C000075FA55 /* Main.storyboard */ = {
			isa = PBXVariantGroup;
			children = (
				1932BCAA260A0C000075FA55 /* Base */,
			);
			name = Main.storyboard;
			sourceTree = "<group>";
		};
		1932BCAE260A0C010075FA55 /* LaunchScreen.storyboard */ = {
			isa = PBXVariantGroup;
			children = (
				1932BCAF260A0C010075FA55 /* Base */,
			);
			name = LaunchScreen.storyboard;
			sourceTree = "<group>";
		};
/* End PBXVariantGroup section */

/* Begin XCBuildConfiguration section */
		1932BCC8260A0C010075FA55 /* Debug */ = {
			isa = XCBuildConfiguration;
			buildSettings = {
				ALWAYS_SEARCH_USER_PATHS = NO;
				CLANG_ANALYZER_NONNULL = YES;
				CLANG_ANALYZER_NUMBER_OBJECT_CONVERSION = YES_AGGRESSIVE;
				CLANG_CXX_LANGUAGE_STANDARD = "gnu++14";
				CLANG_CXX_LIBRARY = "libc++";
				CLANG_ENABLE_MODULES = YES;
				CLANG_ENABLE_OBJC_ARC = YES;
				CLANG_ENABLE_OBJC_WEAK = YES;
				CLANG_WARN_BLOCK_CAPTURE_AUTORELEASING = YES;
				CLANG_WARN_BOOL_CONVERSION = YES;
				CLANG_WARN_COMMA = YES;
				CLANG_WARN_CONSTANT_CONVERSION = YES;
				CLANG_WARN_DEPRECATED_OBJC_IMPLEMENTATIONS = YES;
				CLANG_WARN_DIRECT_OBJC_ISA_USAGE = YES_ERROR;
				CLANG_WARN_DOCUMENTATION_COMMENTS = YES;
				CLANG_WARN_EMPTY_BODY = YES;
				CLANG_WARN_ENUM_CONVERSION = YES;
				CLANG_WARN_INFINITE_RECURSION = YES;
				CLANG_WARN_INT_CONVERSION = YES;
				CLANG_WARN_NON_LITERAL_NULL_CONVERSION = YES;
				CLANG_WARN_OBJC_IMPLICIT_RETAIN_SELF = YES;
				CLANG_WARN_OBJC_LITERAL_CONVERSION = YES;
				CLANG_WARN_OBJC_ROOT_CLASS = YES_ERROR;
				CLANG_WARN_QUOTED_INCLUDE_IN_FRAMEWORK_HEADER = YES;
				CLANG_WARN_RANGE_LOOP_ANALYSIS = YES;
				CLANG_WARN_STRICT_PROTOTYPES = YES;
				CLANG_WARN_SUSPICIOUS_MOVE = YES;
				CLANG_WARN_UNGUARDED_AVAILABILITY = YES_AGGRESSIVE;
				CLANG_WARN_UNREACHABLE_CODE = YES;
				CLANG_WARN__DUPLICATE_METHOD_MATCH = YES;
				COPY_PHASE_STRIP = NO;
				DEBUG_INFORMATION_FORMAT = dwarf;
				ENABLE_STRICT_OBJC_MSGSEND = YES;
				ENABLE_TESTABILITY = YES;
				GCC_C_LANGUAGE_STANDARD = gnu11;
				GCC_DYNAMIC_NO_PIC = NO;
				GCC_NO_COMMON_BLOCKS = YES;
				GCC_OPTIMIZATION_LEVEL = 0;
				GCC_PREPROCESSOR_DEFINITIONS = (
					"DEBUG=1",
					"$(inherited)",
				);
				GCC_WARN_64_TO_32_BIT_CONVERSION = YES;
				GCC_WARN_ABOUT_RETURN_TYPE = YES_ERROR;
				GCC_WARN_UNDECLARED_SELECTOR = YES;
				GCC_WARN_UNINITIALIZED_AUTOS = YES_AGGRESSIVE;
				GCC_WARN_UNUSED_FUNCTION = YES;
				GCC_WARN_UNUSED_VARIABLE = YES;
				IPHONEOS_DEPLOYMENT_TARGET = 14.3;
				MTL_ENABLE_DEBUG_INFO = INCLUDE_SOURCE;
				MTL_FAST_MATH = YES;
				ONLY_ACTIVE_ARCH = YES;
				SDKROOT = iphoneos;
				SWIFT_ACTIVE_COMPILATION_CONDITIONS = DEBUG;
				SWIFT_OPTIMIZATION_LEVEL = "-Onone";
			};
			name = Debug;
		};
		1932BCC9260A0C010075FA55 /* Release */ = {
			isa = XCBuildConfiguration;
			buildSettings = {
				ALWAYS_SEARCH_USER_PATHS = NO;
				CLANG_ANALYZER_NONNULL = YES;
				CLANG_ANALYZER_NUMBER_OBJECT_CONVERSION = YES_AGGRESSIVE;
				CLANG_CXX_LANGUAGE_STANDARD = "gnu++14";
				CLANG_CXX_LIBRARY = "libc++";
				CLANG_ENABLE_MODULES = YES;
				CLANG_ENABLE_OBJC_ARC = YES;
				CLANG_ENABLE_OBJC_WEAK = YES;
				CLANG_WARN_BLOCK_CAPTURE_AUTORELEASING = YES;
				CLANG_WARN_BOOL_CONVERSION = YES;
				CLANG_WARN_COMMA = YES;
				CLANG_WARN_CONSTANT_CONVERSION = YES;
				CLANG_WARN_DEPRECATED_OBJC_IMPLEMENTATIONS = YES;
				CLANG_WARN_DIRECT_OBJC_ISA_USAGE = YES_ERROR;
				CLANG_WARN_DOCUMENTATION_COMMENTS = YES;
				CLANG_WARN_EMPTY_BODY = YES;
				CLANG_WARN_ENUM_CONVERSION = YES;
				CLANG_WARN_INFINITE_RECURSION = YES;
				CLANG_WARN_INT_CONVERSION = YES;
				CLANG_WARN_NON_LITERAL_NULL_CONVERSION = YES;
				CLANG_WARN_OBJC_IMPLICIT_RETAIN_SELF = YES;
				CLANG_WARN_OBJC_LITERAL_CONVERSION = YES;
				CLANG_WARN_OBJC_ROOT_CLASS = YES_ERROR;
				CLANG_WARN_QUOTED_INCLUDE_IN_FRAMEWORK_HEADER = YES;
				CLANG_WARN_RANGE_LOOP_ANALYSIS = YES;
				CLANG_WARN_STRICT_PROTOTYPES = YES;
				CLANG_WARN_SUSPICIOUS_MOVE = YES;
				CLANG_WARN_UNGUARDED_AVAILABILITY = YES_AGGRESSIVE;
				CLANG_WARN_UNREACHABLE_CODE = YES;
				CLANG_WARN__DUPLICATE_METHOD_MATCH = YES;
				COPY_PHASE_STRIP = NO;
				DEBUG_INFORMATION_FORMAT = "dwarf-with-dsym";
				ENABLE_NS_ASSERTIONS = NO;
				ENABLE_STRICT_OBJC_MSGSEND = YES;
				GCC_C_LANGUAGE_STANDARD = gnu11;
				GCC_NO_COMMON_BLOCKS = YES;
				GCC_WARN_64_TO_32_BIT_CONVERSION = YES;
				GCC_WARN_ABOUT_RETURN_TYPE = YES_ERROR;
				GCC_WARN_UNDECLARED_SELECTOR = YES;
				GCC_WARN_UNINITIALIZED_AUTOS = YES_AGGRESSIVE;
				GCC_WARN_UNUSED_FUNCTION = YES;
				GCC_WARN_UNUSED_VARIABLE = YES;
				IPHONEOS_DEPLOYMENT_TARGET = 14.3;
				MTL_ENABLE_DEBUG_INFO = NO;
				MTL_FAST_MATH = YES;
				SDKROOT = iphoneos;
				SWIFT_COMPILATION_MODE = wholemodule;
				SWIFT_OPTIMIZATION_LEVEL = "-O";
				VALIDATE_PRODUCT = YES;
			};
			name = Release;
		};
		1932BCCB260A0C010075FA55 /* Debug */ = {
			isa = XCBuildConfiguration;
			buildSettings = {
				ASSETCATALOG_COMPILER_APPICON_NAME = AppIcon;
				ASSETCATALOG_COMPILER_GLOBAL_ACCENT_COLOR_NAME = AccentColor;
				CODE_SIGN_STYLE = Automatic;
				INFOPLIST_FILE = "Demo-Ap/Info.plist";
				LD_RUNPATH_SEARCH_PATHS = (
					"$(inherited)",
					"@executable_path/Frameworks",
				);
				PRODUCT_BUNDLE_IDENTIFIER = "com.Demo-Ap";
				PRODUCT_NAME = "$(TARGET_NAME)";
				SWIFT_VERSION = 5.0;
				TARGETED_DEVICE_FAMILY = "1,2";
			};
			name = Debug;
		};
		1932BCCC260A0C010075FA55 /* Release */ = {
			isa = XCBuildConfiguration;
			buildSettings = {
				ASSETCATALOG_COMPILER_APPICON_NAME = AppIcon;
				ASSETCATALOG_COMPILER_GLOBAL_ACCENT_COLOR_NAME = AccentColor;
				CODE_SIGN_STYLE = Automatic;
				INFOPLIST_FILE = "Demo-Ap/Info.plist";
				LD_RUNPATH_SEARCH_PATHS = (
					"$(inherited)",
					"@executable_path/Frameworks",
				);
				PRODUCT_BUNDLE_IDENTIFIER = "com.Demo-Ap";
				PRODUCT_NAME = "$(TARGET_NAME)";
				SWIFT_VERSION = 5.0;
				TARGETED_DEVICE_FAMILY = "1,2";
			};
			name = Release;
		};
		1932BCCE260A0C010075FA55 /* Debug */ = {
			isa = XCBuildConfiguration;
			buildSettings = {
				ALWAYS_EMBED_SWIFT_STANDARD_LIBRARIES = YES;
				BUNDLE_LOADER = "$(TEST_HOST)";
				CODE_SIGN_STYLE = Automatic;
				INFOPLIST_FILE = "Demo-ApTests/Info.plist";
				IPHONEOS_DEPLOYMENT_TARGET = 14.3;
				LD_RUNPATH_SEARCH_PATHS = (
					"$(inherited)",
					"@executable_path/Frameworks",
					"@loader_path/Frameworks",
				);
				PRODUCT_BUNDLE_IDENTIFIER = "com.Demo-ApTests";
				PRODUCT_NAME = "$(TARGET_NAME)";
				SWIFT_VERSION = 5.0;
				TARGETED_DEVICE_FAMILY = "1,2";
				TEST_HOST = "$(BUILT_PRODUCTS_DIR)/Demo-Ap.app/Demo-Ap";
			};
			name = Debug;
		};
		1932BCCF260A0C010075FA55 /* Release */ = {
			isa = XCBuildConfiguration;
			buildSettings = {
				ALWAYS_EMBED_SWIFT_STANDARD_LIBRARIES = YES;
				BUNDLE_LOADER = "$(TEST_HOST)";
				CODE_SIGN_STYLE = Automatic;
				INFOPLIST_FILE = "Demo-ApTests/Info.plist";
				IPHONEOS_DEPLOYMENT_TARGET = 14.3;
				LD_RUNPATH_SEARCH_PATHS = (
					"$(inherited)",
					"@executable_path/Frameworks",
					"@loader_path/Frameworks",
				);
				PRODUCT_BUNDLE_IDENTIFIER = "com.Demo-ApTests";
				PRODUCT_NAME = "$(TARGET_NAME)";
				SWIFT_VERSION = 5.0;
				TARGETED_DEVICE_FAMILY = "1,2";
				TEST_HOST = "$(BUILT_PRODUCTS_DIR)/Demo-Ap.app/Demo-Ap";
			};
			name = Release;
		};
		1932BCD1260A0C010075FA55 /* Debug */ = {
			isa = XCBuildConfiguration;
			buildSettings = {
				ALWAYS_EMBED_SWIFT_STANDARD_LIBRARIES = YES;
				CODE_SIGN_STYLE = Automatic;
				INFOPLIST_FILE = "Demo-ApUITests/Info.plist";
				LD_RUNPATH_SEARCH_PATHS = (
					"$(inherited)",
					"@executable_path/Frameworks",
					"@loader_path/Frameworks",
				);
				PRODUCT_BUNDLE_IDENTIFIER = "com.Demo-ApUITests";
				PRODUCT_NAME = "$(TARGET_NAME)";
				SWIFT_VERSION = 5.0;
				TARGETED_DEVICE_FAMILY = "1,2";
				TEST_TARGET_NAME = "Demo-Ap";
			};
			name = Debug;
		};
		1932BCD2260A0C010075FA55 /* Release */ = {
			isa = XCBuildConfiguration;
			buildSettings = {
				ALWAYS_EMBED_SWIFT_STANDARD_LIBRARIES = YES;
				CODE_SIGN_STYLE = Automatic;
				INFOPLIST_FILE = "Demo-ApUITests/Info.plist";
				LD_RUNPATH_SEARCH_PATHS = (
					"$(inherited)",
					"@executable_path/Frameworks",
					"@loader_path/Frameworks",
				);
				PRODUCT_BUNDLE_IDENTIFIER = "com.Demo-ApUITests";
				PRODUCT_NAME = "$(TARGET_NAME)";
				SWIFT_VERSION = 5.0;
				TARGETED_DEVICE_FAMILY = "1,2";
				TEST_TARGET_NAME = "Demo-Ap";
			};
			name = Release;
		};
/* End XCBuildConfiguration section */

/* Begin XCConfigurationList section */
		1932BC9B260A0C000075FA55 /* Build configuration list for PBXProject "Demo-Ap" */ = {
			isa = XCConfigurationList;
			buildConfigurations = (
				1932BCC8260A0C010075FA55 /* Debug */,
				1932BCC9260A0C010075FA55 /* Release */,
			);
			defaultConfigurationIsVisible = 0;
			defaultConfigurationName = Release;
		};
		1932BCCA260A0C010075FA55 /* Build configuration list for PBXNativeTarget "Demo-Ap" */ = {
			isa = XCConfigurationList;
			buildConfigurations = (
				1932BCCB260A0C010075FA55 /* Debug */,
				1932BCCC260A0C010075FA55 /* Release */,
			);
			defaultConfigurationIsVisible = 0;
			defaultConfigurationName = Release;
		};
		1932BCCD260A0C010075FA55 /* Build configuration list for PBXNativeTarget "Demo-ApTests" */ = {
			isa = XCConfigurationList;
			buildConfigurations = (
				1932BCCE260A0C010075FA55 /* Debug */,
				1932BCCF260A0C010075FA55 /* Release */,
			);
			defaultConfigurationIsVisible = 0;
			defaultConfigurationName = Release;
		};
		1932BCD0260A0C010075FA55 /* Build configuration list for PBXNativeTarget "Demo-ApUITests" */ = {
			isa = XCConfigurationList;
			buildConfigurations = (
				1932BCD1260A0C010075FA55 /* Debug */,
				1932BCD2260A0C010075FA55 /* Release */,
			);
			defaultConfigurationIsVisible = 0;
			defaultConfigurationName = Release;
		};
/* End XCConfigurationList section */
	};
	rootObject = 1932BC98260A0C000075FA55 /* Project object */;
}
